
Microsoft Visual Studio Solution File, Format Version 12.00
Project("{FAE04EC0-301F-11D3-BF4B-00C04F79EFBC}") = "Test", "Test\Test.csproj", "{FBB3A745-F51E-42E8-9334-FE0005967B8A}"
EndProject
Global
	GlobalSection(SolutionConfigurationPlatforms) = preSolution
		Debug|Any CPU = Debug|Any CPU
		Release|Any CPU = Release|Any CPU
	EndGlobalSection
	GlobalSection(ProjectConfigurationPlatforms) = postSolution
		{FBB3A745-F51E-42E8-9334-FE0005967B8A}.Debug|Any CPU.ActiveCfg = Debug|Any CPU
		{FBB3A745-F51E-42E8-9334-FE0005967B8A}.Debug|Any CPU.Build.0 = Debug|Any CPU
		{FBB3A745-F51E-42E8-9334-FE0005967B8A}.Release|Any CPU.ActiveCfg = Release|Any CPU
		{FBB3A745-F51E-42E8-9334-FE0005967B8A}.Release|Any CPU.Build.0 = Release|Any CPU
	EndGlobalSection
EndGlobal
